
Microsoft Visual Studio Solution File, Format Version 12.00
# Visual Studio 14
VisualStudioVersion = 14.0.25420.1
MinimumVisualStudioVersion = 10.0.40219.1
Project("{FAE04EC0-301F-11D3-BF4B-00C04F79EFBC}") = "DevTest", "DevTest\DevTest.csproj", "{8FF7368B-68CE-4BFF-AEED-1333D838A46E}"
EndProject
Project("{FAE04EC0-301F-11D3-BF4B-00C04F79EFBC}") = "IPlugins", "IPlugins\IPlugins.csproj", "{8EF4539C-2A0A-470F-BFC1-38E243D52561}"
EndProject
Project("{FAE04EC0-301F-11D3-BF4B-00C04F79EFBC}") = "IMTest", "IMTest\IMTest.csproj", "{7B7812E8-A9B5-42A4-A92B-AA5F68632F56}"
EndProject
Global
	GlobalSection(SolutionConfigurationPlatforms) = preSolution
		Debug|Any CPU = Debug|Any CPU
		Release|Any CPU = Release|Any CPU
	EndGlobalSection
	GlobalSection(ProjectConfigurationPlatforms) = postSolution
		{8FF7368B-68CE-4BFF-AEED-1333D838A46E}.Debug|Any CPU.ActiveCfg = Debug|Any CPU
		{8FF7368B-68CE-4BFF-AEED-1333D838A46E}.Debug|Any CPU.Build.0 = Debug|Any CPU
		{8FF7368B-68CE-4BFF-AEED-1333D838A46E}.Release|Any CPU.ActiveCfg = Release|Any CPU
		{8FF7368B-68CE-4BFF-AEED-1333D838A46E}.Release|Any CPU.Build.0 = Release|Any CPU
		{8EF4539C-2A0A-470F-BFC1-38E243D52561}.Debug|Any CPU.ActiveCfg = Debug|Any CPU
		{8EF4539C-2A0A-470F-BFC1-38E243D52561}.Debug|Any CPU.Build.0 = Debug|Any CPU
		{8EF4539C-2A0A-470F-BFC1-38E243D52561}.Release|Any CPU.ActiveCfg = Release|Any CPU
		{8EF4539C-2A0A-470F-BFC1-38E243D52561}.Release|Any CPU.Build.0 = Release|Any CPU
		{7B7812E8-A9B5-42A4-A92B-AA5F68632F56}.Debug|Any CPU.ActiveCfg = Debug|Any CPU
		{7B7812E8-A9B5-42A4-A92B-AA5F68632F56}.Debug|Any CPU.Build.0 = Debug|Any CPU
		{7B7812E8-A9B5-42A4-A92B-AA5F68632F56}.Release|Any CPU.ActiveCfg = Release|Any CPU
		{7B7812E8-A9B5-42A4-A92B-AA5F68632F56}.Release|Any CPU.Build.0 = Release|Any CPU
	EndGlobalSection
	GlobalSection(SolutionProperties) = preSolution
		HideSolutionNode = FALSE
	EndGlobalSection
EndGlobal
